// !$*UTF8*$!
{
	archiveVersion = 1;
	classes = {
	};
	objectVersion = 56;
	objects = {

/* Begin PBXBuildFile section */
		353D25A22CFDEE3400C48117 /* MicMuteAppApp.swift in Sources */ = {isa = PBXBuildFile; fileRef = 353D25A12CFDEE3400C48117 /* MicMuteAppApp.swift */; };
		353D25A42CFDEE3400C48117 /* ContentView.swift in Sources */ = {isa = PBXBuildFile; fileRef = 353D25A32CFDEE3400C48117 /* ContentView.swift */; };
		353D25A62CFDEE3600C48117 /* Assets.xcassets in Resources */ = {isa = PBXBuildFile; fileRef = 353D25A52CFDEE3600C48117 /* Assets.xcassets */; };
		353D25A92CFDEE3600C48117 /* Preview Assets.xcassets in Resources */ = {isa = PBXBuildFile; fileRef = 353D25A82CFDEE3600C48117 /* Preview Assets.xcassets */; };
		353D25B42CFDEE3600C48117 /* MicMuteAppTests.swift in Sources */ = {isa = PBXBuildFile; fileRef = 353D25B32CFDEE3600C48117 /* MicMuteAppTests.swift */; };
		353D25BE2CFDEE3600C48117 /* MicMuteAppUITests.swift in Sources */ = {isa = PBXBuildFile; fileRef = 353D25BD2CFDEE3600C48117 /* MicMuteAppUITests.swift */; };
		353D25C02CFDEE3600C48117 /* MicMuteAppUITestsLaunchTests.swift in Sources */ = {isa = PBXBuildFile; fileRef = 353D25BF2CFDEE3600C48117 /* MicMuteAppUITestsLaunchTests.swift */; };
/* End PBXBuildFile section */

/* Begin PBXContainerItemProxy section */
		353D25B02CFDEE3600C48117 /* PBXContainerItemProxy */ = {
			isa = PBXContainerItemProxy;
			containerPortal = 353D25962CFDEE3400C48117 /* Project object */;
			proxyType = 1;
			remoteGlobalIDString = 353D259D2CFDEE3400C48117;
			remoteInfo = MicMuteApp;
		};
		353D25BA2CFDEE3600C48117 /* PBXContainerItemProxy */ = {
			isa = PBXContainerItemProxy;
			containerPortal = 353D25962CFDEE3400C48117 /* Project object */;
			proxyType = 1;
			remoteGlobalIDString = 353D259D2CFDEE3400C48117;
			remoteInfo = MicMuteApp;
		};
/* End PBXContainerItemProxy section */

/* Begin PBXFileReference section */
		353D259E2CFDEE3400C48117 /* MicMuteApp.app */ = {isa = PBXFileReference; explicitFileType = wrapper.application; includeInIndex = 0; path = MicMuteApp.app; sourceTree = BUILT_PRODUCTS_DIR; };
		353D25A12CFDEE3400C48117 /* MicMuteAppApp.swift */ = {isa = PBXFileReference; lastKnownFileType = sourcecode.swift; path = MicMuteAppApp.swift; sourceTree = "<group>"; };
		353D25A32CFDEE3400C48117 /* ContentView.swift */ = {isa = PBXFileReference; lastKnownFileType = sourcecode.swift; path = ContentView.swift; sourceTree = "<group>"; };
		353D25A52CFDEE3600C48117 /* Assets.xcassets */ = {isa = PBXFileReference; lastKnownFileType = folder.assetcatalog; path = Assets.xcassets; sourceTree = "<group>"; };
		353D25A82CFDEE3600C48117 /* Preview Assets.xcassets */ = {isa = PBXFileReference; lastKnownFileType = folder.assetcatalog; path = "Preview Assets.xcassets"; sourceTree = "<group>"; };
		353D25AA2CFDEE3600C48117 /* MicMuteApp.entitlements */ = {isa = PBXFileReference; lastKnownFileType = text.plist.entitlements; path = MicMuteApp.entitlements; sourceTree = "<group>"; };
		353D25AF2CFDEE3600C48117 /* MicMuteAppTests.xctest */ = {isa = PBXFileReference; explicitFileType = wrapper.cfbundle; includeInIndex = 0; path = MicMuteAppTests.xctest; sourceTree = BUILT_PRODUCTS_DIR; };
		353D25B32CFDEE3600C48117 /* MicMuteAppTests.swift */ = {isa = PBXFileReference; lastKnownFileType = sourcecode.swift; path = MicMuteAppTests.swift; sourceTree = "<group>"; };
		353D25B92CFDEE3600C48117 /* MicMuteAppUITests.xctest */ = {isa = PBXFileReference; explicitFileType = wrapper.cfbundle; includeInIndex = 0; path = MicMuteAppUITests.xctest; sourceTree = BUILT_PRODUCTS_DIR; };
		353D25BD2CFDEE3600C48117 /* MicMuteAppUITests.swift */ = {isa = PBXFileReference; lastKnownFileType = sourcecode.swift; path = MicMuteAppUITests.swift; sourceTree = "<group>"; };
		353D25BF2CFDEE3600C48117 /* MicMuteAppUITestsLaunchTests.swift */ = {isa = PBXFileReference; lastKnownFileType = sourcecode.swift; path = MicMuteAppUITestsLaunchTests.swift; sourceTree = "<group>"; };
/* End PBXFileReference section */

/* Begin PBXFrameworksBuildPhase section */
		353D259B2CFDEE3400C48117 /* Frameworks */ = {
			isa = PBXFrameworksBuildPhase;
			buildActionMask = 2147483647;
			files = (
			);
			runOnlyForDeploymentPostprocessing = 0;
		};
		353D25AC2CFDEE3600C48117 /* Frameworks */ = {
			isa = PBXFrameworksBuildPhase;
			buildActionMask = 2147483647;
			files = (
			);
			runOnlyForDeploymentPostprocessing = 0;
		};
		353D25B62CFDEE3600C48117 /* Frameworks */ = {
			isa = PBXFrameworksBuildPhase;
			buildActionMask = 2147483647;
			files = (
			);
			runOnlyForDeploymentPostprocessing = 0;
		};
/* End PBXFrameworksBuildPhase section */

/* Begin PBXGroup section */
		353D25952CFDEE3400C48117 = {
			isa = PBXGroup;
			children = (
				353D25A02CFDEE3400C48117 /* MicMuteApp */,
				353D25B22CFDEE3600C48117 /* MicMuteAppTests */,
				353D25BC2CFDEE3600C48117 /* MicMuteAppUITests */,
				353D259F2CFDEE3400C48117 /* Products */,
			);
			sourceTree = "<group>";
		};
		353D259F2CFDEE3400C48117 /* Products */ = {
			isa = PBXGroup;
			children = (
				353D259E2CFDEE3400C48117 /* MicMuteApp.app */,
				353D25AF2CFDEE3600C48117 /* MicMuteAppTests.xctest */,
				353D25B92CFDEE3600C48117 /* MicMuteAppUITests.xctest */,
			);
			name = Products;
			sourceTree = "<group>";
		};
		353D25A02CFDEE3400C48117 /* MicMuteApp */ = {
			isa = PBXGroup;
			children = (
				353D25A12CFDEE3400C48117 /* MicMuteAppApp.swift */,
				353D25A32CFDEE3400C48117 /* ContentView.swift */,
				353D25A52CFDEE3600C48117 /* Assets.xcassets */,
				353D25AA2CFDEE3600C48117 /* MicMuteApp.entitlements */,
				353D25A72CFDEE3600C48117 /* Preview Content */,
			);
			path = MicMuteApp;
			sourceTree = "<group>";
		};
		353D25A72CFDEE3600C48117 /* Preview Content */ = {
			isa = PBXGroup;
			children = (
				353D25A82CFDEE3600C48117 /* Preview Assets.xcassets */,
			);
			path = "Preview Content";
			sourceTree = "<group>";
		};
		353D25B22CFDEE3600C48117 /* MicMuteAppTests */ = {
			isa = PBXGroup;
			children = (
				353D25B32CFDEE3600C48117 /* MicMuteAppTests.swift */,
			);
			path = MicMuteAppTests;
			sourceTree = "<group>";
		};
		353D25BC2CFDEE3600C48117 /* MicMuteAppUITests */ = {
			isa = PBXGroup;
			children = (
				353D25BD2CFDEE3600C48117 /* MicMuteAppUITests.swift */,
				353D25BF2CFDEE3600C48117 /* MicMuteAppUITestsLaunchTests.swift */,
			);
			path = MicMuteAppUITests;
			sourceTree = "<group>";
		};
/* End PBXGroup section */

/* Begin PBXNativeTarget section */
		353D259D2CFDEE3400C48117 /* MicMuteApp */ = {
			isa = PBXNativeTarget;
			buildConfigurationList = 353D25C32CFDEE3600C48117 /* Build configuration list for PBXNativeTarget "MicMuteApp" */;
			buildPhases = (
				353D259A2CFDEE3400C48117 /* Sources */,
				353D259B2CFDEE3400C48117 /* Frameworks */,
				353D259C2CFDEE3400C48117 /* Resources */,
			);
			buildRules = (
			);
			dependencies = (
			);
			name = MicMuteApp;
			productName = MicMuteApp;
			productReference = 353D259E2CFDEE3400C48117 /* MicMuteApp.app */;
			productType = "com.apple.product-type.application";
		};
		353D25AE2CFDEE3600C48117 /* MicMuteAppTests */ = {
			isa = PBXNativeTarget;
			buildConfigurationList = 353D25C62CFDEE3600C48117 /* Build configuration list for PBXNativeTarget "MicMuteAppTests" */;
			buildPhases = (
				353D25AB2CFDEE3600C48117 /* Sources */,
				353D25AC2CFDEE3600C48117 /* Frameworks */,
				353D25AD2CFDEE3600C48117 /* Resources */,
			);
			buildRules = (
			);
			dependencies = (
				353D25B12CFDEE3600C48117 /* PBXTargetDependency */,
			);
			name = MicMuteAppTests;
			productName = MicMuteAppTests;
			productReference = 353D25AF2CFDEE3600C48117 /* MicMuteAppTests.xctest */;
			productType = "com.apple.product-type.bundle.unit-test";
		};
		353D25B82CFDEE3600C48117 /* MicMuteAppUITests */ = {
			isa = PBXNativeTarget;
			buildConfigurationList = 353D25C92CFDEE3600C48117 /* Build configuration list for PBXNativeTarget "MicMuteAppUITests" */;
			buildPhases = (
				353D25B52CFDEE3600C48117 /* Sources */,
				353D25B62CFDEE3600C48117 /* Frameworks */,
				353D25B72CFDEE3600C48117 /* Resources */,
			);
			buildRules = (
			);
			dependencies = (
				353D25BB2CFDEE3600C48117 /* PBXTargetDependency */,
			);
			name = MicMuteAppUITests;
			productName = MicMuteAppUITests;
			productReference = 353D25B92CFDEE3600C48117 /* MicMuteAppUITests.xctest */;
			productType = "com.apple.product-type.bundle.ui-testing";
		};
/* End PBXNativeTarget section */

/* Begin PBXProject section */
		353D25962CFDEE3400C48117 /* Project object */ = {
			isa = PBXProject;
			attributes = {
				BuildIndependentTargetsInParallel = 1;
				LastSwiftUpdateCheck = 1510;
				LastUpgradeCheck = 1510;
				TargetAttributes = {
					353D259D2CFDEE3400C48117 = {
						CreatedOnToolsVersion = 15.1;
					};
					353D25AE2CFDEE3600C48117 = {
						CreatedOnToolsVersion = 15.1;
						TestTargetID = 353D259D2CFDEE3400C48117;
					};
					353D25B82CFDEE3600C48117 = {
						CreatedOnToolsVersion = 15.1;
						TestTargetID = 353D259D2CFDEE3400C48117;
					};
				};
			};
			buildConfigurationList = 353D25992CFDEE3400C48117 /* Build configuration list for PBXProject "MicMuteApp" */;
			compatibilityVersion = "Xcode 14.0";
			developmentRegion = en;
			hasScannedForEncodings = 0;
			knownRegions = (
				en,
				Base,
			);
			mainGroup = 353D25952CFDEE3400C48117;
			productRefGroup = 353D259F2CFDEE3400C48117 /* Products */;
			projectDirPath = "";
			projectRoot = "";
			targets = (
				353D259D2CFDEE3400C48117 /* MicMuteApp */,
				353D25AE2CFDEE3600C48117 /* MicMuteAppTests */,
				353D25B82CFDEE3600C48117 /* MicMuteAppUITests */,
			);
		};
/* End PBXProject section */

/* Begin PBXResourcesBuildPhase section */
		353D259C2CFDEE3400C48117 /* Resources */ = {
			isa = PBXResourcesBuildPhase;
			buildActionMask = 2147483647;
			files = (
				353D25A92CFDEE3600C48117 /* Preview Assets.xcassets in Resources */,
				353D25A62CFDEE3600C48117 /* Assets.xcassets in Resources */,
			);
			runOnlyForDeploymentPostprocessing = 0;
		};
		353D25AD2CFDEE3600C48117 /* Resources */ = {
			isa = PBXResourcesBuildPhase;
			buildActionMask = 2147483647;
			files = (
			);
			runOnlyForDeploymentPostprocessing = 0;
		};
		353D25B72CFDEE3600C48117 /* Resources */ = {
			isa = PBXResourcesBuildPhase;
			buildActionMask = 2147483647;
			files = (
			);
			runOnlyForDeploymentPostprocessing = 0;
		};
/* End PBXResourcesBuildPhase section */

/* Begin PBXSourcesBuildPhase section */
		353D259A2CFDEE3400C48117 /* Sources */ = {
			isa = PBXSourcesBuildPhase;
			buildActionMask = 2147483647;
			files = (
				353D25A42CFDEE3400C48117 /* ContentView.swift in Sources */,
				353D25A22CFDEE3400C48117 /* MicMuteAppApp.swift in Sources */,
			);
			runOnlyForDeploymentPostprocessing = 0;
		};
		353D25AB2CFDEE3600C48117 /* Sources */ = {
			isa = PBXSourcesBuildPhase;
			buildActionMask = 2147483647;
			files = (
				353D25B42CFDEE3600C48117 /* MicMuteAppTests.swift in Sources */,
			);
			runOnlyForDeploymentPostprocessing = 0;
		};
		353D25B52CFDEE3600C48117 /* Sources */ = {
			isa = PBXSourcesBuildPhase;
			buildActionMask = 2147483647;
			files = (
				353D25BE2CFDEE3600C48117 /* MicMuteAppUITests.swift in Sources */,
				353D25C02CFDEE3600C48117 /* MicMuteAppUITestsLaunchTests.swift in Sources */,
			);
			runOnlyForDeploymentPostprocessing = 0;
		};
/* End PBXSourcesBuildPhase section */

/* Begin PBXTargetDependency section */
		353D25B12CFDEE3600C48117 /* PBXTargetDependency */ = {
			isa = PBXTargetDependency;
			target = 353D259D2CFDEE3400C48117 /* MicMuteApp */;
			targetProxy = 353D25B02CFDEE3600C48117 /* PBXContainerItemProxy */;
		};
		353D25BB2CFDEE3600C48117 /* PBXTargetDependency */ = {
			isa = PBXTargetDependency;
			target = 353D259D2CFDEE3400C48117 /* MicMuteApp */;
			targetProxy = 353D25BA2CFDEE3600C48117 /* PBXContainerItemProxy */;
		};
/* End PBXTargetDependency section */

/* Begin XCBuildConfiguration section */
		353D25C12CFDEE3600C48117 /* Debug */ = {
			isa = XCBuildConfiguration;
			buildSettings = {
				ALWAYS_SEARCH_USER_PATHS = NO;
				ASSETCATALOG_COMPILER_GENERATE_SWIFT_ASSET_SYMBOL_EXTENSIONS = YES;
				CLANG_ANALYZER_NONNULL = YES;
				CLANG_ANALYZER_NUMBER_OBJECT_CONVERSION = YES_AGGRESSIVE;
				CLANG_CXX_LANGUAGE_STANDARD = "gnu++20";
				CLANG_ENABLE_MODULES = YES;
				CLANG_ENABLE_OBJC_ARC = YES;
				CLANG_ENABLE_OBJC_WEAK = YES;
				CLANG_WARN_BLOCK_CAPTURE_AUTORELEASING = YES;
				CLANG_WARN_BOOL_CONVERSION = YES;
				CLANG_WARN_COMMA = YES;
				CLANG_WARN_CONSTANT_CONVERSION = YES;
				CLANG_WARN_DEPRECATED_OBJC_IMPLEMENTATIONS = YES;
				CLANG_WARN_DIRECT_OBJC_ISA_USAGE = YES_ERROR;
				CLANG_WARN_DOCUMENTATION_COMMENTS = YES;
				CLANG_WARN_EMPTY_BODY = YES;
				CLANG_WARN_ENUM_CONVERSION = YES;
				CLANG_WARN_INFINITE_RECURSION = YES;
				CLANG_WARN_INT_CONVERSION = YES;
				CLANG_WARN_NON_LITERAL_NULL_CONVERSION = YES;
				CLANG_WARN_OBJC_IMPLICIT_RETAIN_SELF = YES;
				CLANG_WARN_OBJC_LITERAL_CONVERSION = YES;
				CLANG_WARN_OBJC_ROOT_CLASS = YES_ERROR;
				CLANG_WARN_QUOTED_INCLUDE_IN_FRAMEWORK_HEADER = YES;
				CLANG_WARN_RANGE_LOOP_ANALYSIS = YES;
				CLANG_WARN_STRICT_PROTOTYPES = YES;
				CLANG_WARN_SUSPICIOUS_MOVE = YES;
				CLANG_WARN_UNGUARDED_AVAILABILITY = YES_AGGRESSIVE;
				CLANG_WARN_UNREACHABLE_CODE = YES;
				CLANG_WARN__DUPLICATE_METHOD_MATCH = YES;
				COPY_PHASE_STRIP = NO;
				DEBUG_INFORMATION_FORMAT = dwarf;
				ENABLE_STRICT_OBJC_MSGSEND = YES;
				ENABLE_TESTABILITY = YES;
				ENABLE_USER_SCRIPT_SANDBOXING = YES;
				GCC_C_LANGUAGE_STANDARD = gnu17;
				GCC_DYNAMIC_NO_PIC = NO;
				GCC_NO_COMMON_BLOCKS = YES;
				GCC_OPTIMIZATION_LEVEL = 0;
				GCC_PREPROCESSOR_DEFINITIONS = (
					"DEBUG=1",
					"$(inherited)",
				);
				GCC_WARN_64_TO_32_BIT_CONVERSION = YES;
				GCC_WARN_ABOUT_RETURN_TYPE = YES_ERROR;
				GCC_WARN_UNDECLARED_SELECTOR = YES;
				GCC_WARN_UNINITIALIZED_AUTOS = YES_AGGRESSIVE;
				GCC_WARN_UNUSED_FUNCTION = YES;
				GCC_WARN_UNUSED_VARIABLE = YES;
				LOCALIZATION_PREFERS_STRING_CATALOGS = YES;
				MACOSX_DEPLOYMENT_TARGET = 13.7;
				MTL_ENABLE_DEBUG_INFO = INCLUDE_SOURCE;
				MTL_FAST_MATH = YES;
				ONLY_ACTIVE_ARCH = YES;
				SDKROOT = macosx;
				SWIFT_ACTIVE_COMPILATION_CONDITIONS = "DEBUG $(inherited)";
				SWIFT_OPTIMIZATION_LEVEL = "-Onone";
			};
			name = Debug;
		};
		353D25C22CFDEE3600C48117 /* Release */ = {
			isa = XCBuildConfiguration;
			buildSettings = {
				ALWAYS_SEARCH_USER_PATHS = NO;
				ASSETCATALOG_COMPILER_GENERATE_SWIFT_ASSET_SYMBOL_EXTENSIONS = YES;
				CLANG_ANALYZER_NONNULL = YES;
				CLANG_ANALYZER_NUMBER_OBJECT_CONVERSION = YES_AGGRESSIVE;
				CLANG_CXX_LANGUAGE_STANDARD = "gnu++20";
				CLANG_ENABLE_MODULES = YES;
				CLANG_ENABLE_OBJC_ARC = YES;
				CLANG_ENABLE_OBJC_WEAK = YES;
				CLANG_WARN_BLOCK_CAPTURE_AUTORELEASING = YES;
				CLANG_WARN_BOOL_CONVERSION = YES;
				CLANG_WARN_COMMA = YES;
				CLANG_WARN_CONSTANT_CONVERSION = YES;
				CLANG_WARN_DEPRECATED_OBJC_IMPLEMENTATIONS = YES;
				CLANG_WARN_DIRECT_OBJC_ISA_USAGE = YES_ERROR;
				CLANG_WARN_DOCUMENTATION_COMMENTS = YES;
				CLANG_WARN_EMPTY_BODY = YES;
				CLANG_WARN_ENUM_CONVERSION = YES;
				CLANG_WARN_INFINITE_RECURSION = YES;
				CLANG_WARN_INT_CONVERSION = YES;
				CLANG_WARN_NON_LITERAL_NULL_CONVERSION = YES;
				CLANG_WARN_OBJC_IMPLICIT_RETAIN_SELF = YES;
				CLANG_WARN_OBJC_LITERAL_CONVERSION = YES;
				CLANG_WARN_OBJC_ROOT_CLASS = YES_ERROR;
				CLANG_WARN_QUOTED_INCLUDE_IN_FRAMEWORK_HEADER = YES;
				CLANG_WARN_RANGE_LOOP_ANALYSIS = YES;
				CLANG_WARN_STRICT_PROTOTYPES = YES;
				CLANG_WARN_SUSPICIOUS_MOVE = YES;
				CLANG_WARN_UNGUARDED_AVAILABILITY = YES_AGGRESSIVE;
				CLANG_WARN_UNREACHABLE_CODE = YES;
				CLANG_WARN__DUPLICATE_METHOD_MATCH = YES;
				COPY_PHASE_STRIP = NO;
				DEBUG_INFORMATION_FORMAT = "dwarf-with-dsym";
				ENABLE_NS_ASSERTIONS = NO;
				ENABLE_STRICT_OBJC_MSGSEND = YES;
				ENABLE_USER_SCRIPT_SANDBOXING = YES;
				GCC_C_LANGUAGE_STANDARD = gnu17;
				GCC_NO_COMMON_BLOCKS = YES;
				GCC_WARN_64_TO_32_BIT_CONVERSION = YES;
				GCC_WARN_ABOUT_RETURN_TYPE = YES_ERROR;
				GCC_WARN_UNDECLARED_SELECTOR = YES;
				GCC_WARN_UNINITIALIZED_AUTOS = YES_AGGRESSIVE;
				GCC_WARN_UNUSED_FUNCTION = YES;
				GCC_WARN_UNUSED_VARIABLE = YES;
				LOCALIZATION_PREFERS_STRING_CATALOGS = YES;
				MACOSX_DEPLOYMENT_TARGET = 13.7;
				MTL_ENABLE_DEBUG_INFO = NO;
				MTL_FAST_MATH = YES;
				SDKROOT = macosx;
				SWIFT_COMPILATION_MODE = wholemodule;
			};
			name = Release;
		};
		353D25C42CFDEE3600C48117 /* Debug */ = {
			isa = XCBuildConfiguration;
			buildSettings = {
				ASSETCATALOG_COMPILER_APPICON_NAME = AppIcon;
				ASSETCATALOG_COMPILER_GLOBAL_ACCENT_COLOR_NAME = AccentColor;
				CODE_SIGN_ENTITLEMENTS = MicMuteApp/MicMuteApp.entitlements;
				CODE_SIGN_STYLE = Automatic;
				COMBINE_HIDPI_IMAGES = YES;
				CURRENT_PROJECT_VERSION = 1;
				DEVELOPMENT_ASSET_PATHS = "\"MicMuteApp/Preview Content\"";
				ENABLE_PREVIEWS = YES;
				GENERATE_INFOPLIST_FILE = YES;
				INFOPLIST_KEY_NSHumanReadableCopyright = "";
				LD_RUNPATH_SEARCH_PATHS = (
					"$(inherited)",
					"@executable_path/../Frameworks",
				);
				MARKETING_VERSION = 1.0;
				PRODUCT_BUNDLE_IDENTIFIER = padar.MicMuteApp;
				PRODUCT_NAME = "$(TARGET_NAME)";
				SWIFT_EMIT_LOC_STRINGS = YES;
				SWIFT_VERSION = 5.0;
			};
			name = Debug;
		};
		353D25C52CFDEE3600C48117 /* Release */ = {
			isa = XCBuildConfiguration;
			buildSettings = {
				ASSETCATALOG_COMPILER_APPICON_NAME = AppIcon;
				ASSETCATALOG_COMPILER_GLOBAL_ACCENT_COLOR_NAME = AccentColor;
				CODE_SIGN_ENTITLEMENTS = MicMuteApp/MicMuteApp.entitlements;
				CODE_SIGN_STYLE = Automatic;
				COMBINE_HIDPI_IMAGES = YES;
				CURRENT_PROJECT_VERSION = 1;
				DEVELOPMENT_ASSET_PATHS = "\"MicMuteApp/Preview Content\"";
				ENABLE_PREVIEWS = YES;
				GENERATE_INFOPLIST_FILE = YES;
				INFOPLIST_KEY_NSHumanReadableCopyright = "";
				LD_RUNPATH_SEARCH_PATHS = (
					"$(inherited)",
					"@executable_path/../Frameworks",
				);
				MARKETING_VERSION = 1.0;
				PRODUCT_BUNDLE_IDENTIFIER = padar.MicMuteApp;
				PRODUCT_NAME = "$(TARGET_NAME)";
				SWIFT_EMIT_LOC_STRINGS = YES;
				SWIFT_VERSION = 5.0;
			};
			name = Release;
		};
		353D25C72CFDEE3600C48117 /* Debug */ = {
			isa = XCBuildConfiguration;
			buildSettings = {
				ALWAYS_EMBED_SWIFT_STANDARD_LIBRARIES = YES;
				BUNDLE_LOADER = "$(TEST_HOST)";
				CODE_SIGN_STYLE = Automatic;
				CURRENT_PROJECT_VERSION = 1;
				GENERATE_INFOPLIST_FILE = YES;
				MACOSX_DEPLOYMENT_TARGET = 13.7;
				MARKETING_VERSION = 1.0;
				PRODUCT_BUNDLE_IDENTIFIER = padar.MicMuteAppTests;
				PRODUCT_NAME = "$(TARGET_NAME)";
				SWIFT_EMIT_LOC_STRINGS = NO;
				SWIFT_VERSION = 5.0;
				TEST_HOST = "$(BUILT_PRODUCTS_DIR)/MicMuteApp.app/$(BUNDLE_EXECUTABLE_FOLDER_PATH)/MicMuteApp";
			};
			name = Debug;
		};
		353D25C82CFDEE3600C48117 /* Release */ = {
			isa = XCBuildConfiguration;
			buildSettings = {
				ALWAYS_EMBED_SWIFT_STANDARD_LIBRARIES = YES;
				BUNDLE_LOADER = "$(TEST_HOST)";
				CODE_SIGN_STYLE = Automatic;
				CURRENT_PROJECT_VERSION = 1;
				GENERATE_INFOPLIST_FILE = YES;
				MACOSX_DEPLOYMENT_TARGET = 13.7;
				MARKETING_VERSION = 1.0;
				PRODUCT_BUNDLE_IDENTIFIER = padar.MicMuteAppTests;
				PRODUCT_NAME = "$(TARGET_NAME)";
				SWIFT_EMIT_LOC_STRINGS = NO;
				SWIFT_VERSION = 5.0;
				TEST_HOST = "$(BUILT_PRODUCTS_DIR)/MicMuteApp.app/$(BUNDLE_EXECUTABLE_FOLDER_PATH)/MicMuteApp";
			};
			name = Release;
		};
		353D25CA2CFDEE3600C48117 /* Debug */ = {
			isa = XCBuildConfiguration;
			buildSettings = {
				ALWAYS_EMBED_SWIFT_STANDARD_LIBRARIES = YES;
				CODE_SIGN_STYLE = Automatic;
				CURRENT_PROJECT_VERSION = 1;
				GENERATE_INFOPLIST_FILE = YES;
				MARKETING_VERSION = 1.0;
				PRODUCT_BUNDLE_IDENTIFIER = padar.MicMuteAppUITests;
				PRODUCT_NAME = "$(TARGET_NAME)";
				SWIFT_EMIT_LOC_STRINGS = NO;
				SWIFT_VERSION = 5.0;
				TEST_TARGET_NAME = MicMuteApp;
			};
			name = Debug;
		};
		353D25CB2CFDEE3600C48117 /* Release */ = {
			isa = XCBuildConfiguration;
			buildSettings = {
				ALWAYS_EMBED_SWIFT_STANDARD_LIBRARIES = YES;
				CODE_SIGN_STYLE = Automatic;
				CURRENT_PROJECT_VERSION = 1;
				GENERATE_INFOPLIST_FILE = YES;
				MARKETING_VERSION = 1.0;
				PRODUCT_BUNDLE_IDENTIFIER = padar.MicMuteAppUITests;
				PRODUCT_NAME = "$(TARGET_NAME)";
				SWIFT_EMIT_LOC_STRINGS = NO;
				SWIFT_VERSION = 5.0;
				TEST_TARGET_NAME = MicMuteApp;
			};
			name = Release;
		};
/* End XCBuildConfiguration section */

/* Begin XCConfigurationList section */
		353D25992CFDEE3400C48117 /* Build configuration list for PBXProject "MicMuteApp" */ = {
			isa = XCConfigurationList;
			buildConfigurations = (
				353D25C12CFDEE3600C48117 /* Debug */,
				353D25C22CFDEE3600C48117 /* Release */,
			);
			defaultConfigurationIsVisible = 0;
			defaultConfigurationName = Release;
		};
		353D25C32CFDEE3600C48117 /* Build configuration list for PBXNativeTarget "MicMuteApp" */ = {
			isa = XCConfigurationList;
			buildConfigurations = (
				353D25C42CFDEE3600C48117 /* Debug */,
				353D25C52CFDEE3600C48117 /* Release */,
			);
			defaultConfigurationIsVisible = 0;
			defaultConfigurationName = Release;
		};
		353D25C62CFDEE3600C48117 /* Build configuration list for PBXNativeTarget "MicMuteAppTests" */ = {
			isa = XCConfigurationList;
			buildConfigurations = (
				353D25C72CFDEE3600C48117 /* Debug */,
				353D25C82CFDEE3600C48117 /* Release */,
			);
			defaultConfigurationIsVisible = 0;
			defaultConfigurationName = Release;
		};
		353D25C92CFDEE3600C48117 /* Build configuration list for PBXNativeTarget "MicMuteAppUITests" */ = {
			isa = XCConfigurationList;
			buildConfigurations = (
				353D25CA2CFDEE3600C48117 /* Debug */,
				353D25CB2CFDEE3600C48117 /* Release */,
			);
			defaultConfigurationIsVisible = 0;
			defaultConfigurationName = Release;
		};
/* End XCConfigurationList section */
	};
	rootObject = 353D25962CFDEE3400C48117 /* Project object */;
}
